// !$*UTF8*$!
{
	archiveVersion = 1;
	classes = {
	};
	objectVersion = 50;
	objects = {

/* Begin PBXBuildFile section */
		8D4619B424DDA38700F0CF2D /* Clip.swift in Sources */ = {isa = PBXBuildFile; fileRef = 8D4619B324DDA38700F0CF2D /* Clip.swift */; };
		8D4619B924DDA53800F0CF2D /* AboutPage.swift in Sources */ = {isa = PBXBuildFile; fileRef = 8D4619B824DDA53800F0CF2D /* AboutPage.swift */; };
		8D56EA6724D937E300284745 /* DataExtension.swift in Sources */ = {isa = PBXBuildFile; fileRef = 8D56EA6624D937E300284745 /* DataExtension.swift */; };
		8D67769A24D2A0EE0073BA95 /* Helper.swift in Sources */ = {isa = PBXBuildFile; fileRef = 8D67769924D2A0EE0073BA95 /* Helper.swift */; };
		8D67769E24D2A2090073BA95 /* HomeViewModel.swift in Sources */ = {isa = PBXBuildFile; fileRef = 8D67769D24D2A2090073BA95 /* HomeViewModel.swift */; };
		8D6776A024D2A2E80073BA95 /* HomePage.swift in Sources */ = {isa = PBXBuildFile; fileRef = 8D67769F24D2A2E80073BA95 /* HomePage.swift */; };
		8D79C3D124ED57430086C702 /* ContentView.swift in Sources */ = {isa = PBXBuildFile; fileRef = 8D79C3D024ED57430086C702 /* ContentView.swift */; };
		8D79C3D524ED592A0086C702 /* FavoritePage.swift in Sources */ = {isa = PBXBuildFile; fileRef = 8D79C3D424ED592A0086C702 /* FavoritePage.swift */; };
		8D974EE624D1662E0078EAEE /* ResourceExtension.swift in Sources */ = {isa = PBXBuildFile; fileRef = 8D974EE524D1662E0078EAEE /* ResourceExtension.swift */; };
		8D974EEC24D16BF30078EAEE /* GameListDao.swift in Sources */ = {isa = PBXBuildFile; fileRef = 8D974EEB24D16BF30078EAEE /* GameListDao.swift */; };
		8D974EEE24D16C210078EAEE /* Game.swift in Sources */ = {isa = PBXBuildFile; fileRef = 8D974EED24D16C210078EAEE /* Game.swift */; };
		8D974EF124D16D480078EAEE /* GameService.swift in Sources */ = {isa = PBXBuildFile; fileRef = 8D974EF024D16D480078EAEE /* GameService.swift */; };
		8DA47D6924DAC0A10037C12D /* ActivityIndicator.swift in Sources */ = {isa = PBXBuildFile; fileRef = 8DA47D6824DAC0A10037C12D /* ActivityIndicator.swift */; };
		8DB486DF24D15BCF005300D6 /* AppDelegate.swift in Sources */ = {isa = PBXBuildFile; fileRef = 8DB486DE24D15BCF005300D6 /* AppDelegate.swift */; };
		8DB486E124D15BCF005300D6 /* SceneDelegate.swift in Sources */ = {isa = PBXBuildFile; fileRef = 8DB486E024D15BCF005300D6 /* SceneDelegate.swift */; };
		8DB486E524D15BD0005300D6 /* Assets.xcassets in Resources */ = {isa = PBXBuildFile; fileRef = 8DB486E424D15BD0005300D6 /* Assets.xcassets */; };
		8DB486E824D15BD0005300D6 /* Preview Assets.xcassets in Resources */ = {isa = PBXBuildFile; fileRef = 8DB486E724D15BD0005300D6 /* Preview Assets.xcassets */; };
		8DB486EB24D15BD0005300D6 /* LaunchScreen.storyboard in Resources */ = {isa = PBXBuildFile; fileRef = 8DB486E924D15BD0005300D6 /* LaunchScreen.storyboard */; };
		8DB4870524D15CB6005300D6 /* GameItem.swift in Sources */ = {isa = PBXBuildFile; fileRef = 8DB4870424D15CB6005300D6 /* GameItem.swift */; };
		8DB4870824D15FE8005300D6 /* ImageLabel.swift in Sources */ = {isa = PBXBuildFile; fileRef = 8DB4870724D15FE8005300D6 /* ImageLabel.swift */; };
		8DD0842724DA997500266CD4 /* DetailPage.swift in Sources */ = {isa = PBXBuildFile; fileRef = 8DD0842624DA997500266CD4 /* DetailPage.swift */; };
		8DFE6AB124DBF947006A805E /* Button.swift in Sources */ = {isa = PBXBuildFile; fileRef = 8DFE6AB024DBF947006A805E /* Button.swift */; };
		8DFE6AB624DCE8BB006A805E /* ImageLoader.swift in Sources */ = {isa = PBXBuildFile; fileRef = 8DFE6AB524DCE8BB006A805E /* ImageLoader.swift */; };
		8DFE6AB824DCE98B006A805E /* ImageView.swift in Sources */ = {isa = PBXBuildFile; fileRef = 8DFE6AB724DCE98B006A805E /* ImageView.swift */; };
		8DFE6ABA24DCF20D006A805E /* Genre.swift in Sources */ = {isa = PBXBuildFile; fileRef = 8DFE6AB924DCF20D006A805E /* Genre.swift */; };
		8DFE6ABC24DD33D9006A805E /* DetailViewModel.swift in Sources */ = {isa = PBXBuildFile; fileRef = 8DFE6ABB24DD33D9006A805E /* DetailViewModel.swift */; };
/* End PBXBuildFile section */

/* Begin PBXContainerItemProxy section */
		8DB486F224D15BD0005300D6 /* PBXContainerItemProxy */ = {
			isa = PBXContainerItemProxy;
			containerPortal = 8DB486D324D15BCF005300D6 /* Project object */;
			proxyType = 1;
			remoteGlobalIDString = 8DB486DA24D15BCF005300D6;
			remoteInfo = "dicoding-ios-fundamental";
		};
/* End PBXContainerItemProxy section */

/* Begin PBXFileReference section */
		8D4619B324DDA38700F0CF2D /* Clip.swift */ = {isa = PBXFileReference; lastKnownFileType = sourcecode.swift; path = Clip.swift; sourceTree = "<group>"; };
		8D4619B824DDA53800F0CF2D /* AboutPage.swift */ = {isa = PBXFileReference; lastKnownFileType = sourcecode.swift; path = AboutPage.swift; sourceTree = "<group>"; };
		8D56EA6624D937E300284745 /* DataExtension.swift */ = {isa = PBXFileReference; lastKnownFileType = sourcecode.swift; path = DataExtension.swift; sourceTree = "<group>"; };
		8D67769924D2A0EE0073BA95 /* Helper.swift */ = {isa = PBXFileReference; lastKnownFileType = sourcecode.swift; path = Helper.swift; sourceTree = "<group>"; };
		8D67769D24D2A2090073BA95 /* HomeViewModel.swift */ = {isa = PBXFileReference; lastKnownFileType = sourcecode.swift; path = HomeViewModel.swift; sourceTree = "<group>"; };
		8D67769F24D2A2E80073BA95 /* HomePage.swift */ = {isa = PBXFileReference; lastKnownFileType = sourcecode.swift; path = HomePage.swift; sourceTree = "<group>"; };
		8D79C3D024ED57430086C702 /* ContentView.swift */ = {isa = PBXFileReference; lastKnownFileType = sourcecode.swift; path = ContentView.swift; sourceTree = "<group>"; };
		8D79C3D424ED592A0086C702 /* FavoritePage.swift */ = {isa = PBXFileReference; lastKnownFileType = sourcecode.swift; path = FavoritePage.swift; sourceTree = "<group>"; };
		8D974EE524D1662E0078EAEE /* ResourceExtension.swift */ = {isa = PBXFileReference; lastKnownFileType = sourcecode.swift; path = ResourceExtension.swift; sourceTree = "<group>"; };
		8D974EEB24D16BF30078EAEE /* GameListDao.swift */ = {isa = PBXFileReference; lastKnownFileType = sourcecode.swift; path = GameListDao.swift; sourceTree = "<group>"; };
		8D974EED24D16C210078EAEE /* Game.swift */ = {isa = PBXFileReference; lastKnownFileType = sourcecode.swift; path = Game.swift; sourceTree = "<group>"; };
		8D974EF024D16D480078EAEE /* GameService.swift */ = {isa = PBXFileReference; lastKnownFileType = sourcecode.swift; path = GameService.swift; sourceTree = "<group>"; };
		8DA47D6824DAC0A10037C12D /* ActivityIndicator.swift */ = {isa = PBXFileReference; lastKnownFileType = sourcecode.swift; path = ActivityIndicator.swift; sourceTree = "<group>"; };
		8DB486DB24D15BCF005300D6 /* dicoding-ios-fundamental.app */ = {isa = PBXFileReference; explicitFileType = wrapper.application; includeInIndex = 0; path = "dicoding-ios-fundamental.app"; sourceTree = BUILT_PRODUCTS_DIR; };
		8DB486DE24D15BCF005300D6 /* AppDelegate.swift */ = {isa = PBXFileReference; lastKnownFileType = sourcecode.swift; path = AppDelegate.swift; sourceTree = "<group>"; };
		8DB486E024D15BCF005300D6 /* SceneDelegate.swift */ = {isa = PBXFileReference; lastKnownFileType = sourcecode.swift; path = SceneDelegate.swift; sourceTree = "<group>"; };
		8DB486E424D15BD0005300D6 /* Assets.xcassets */ = {isa = PBXFileReference; lastKnownFileType = folder.assetcatalog; path = Assets.xcassets; sourceTree = "<group>"; };
		8DB486E724D15BD0005300D6 /* Preview Assets.xcassets */ = {isa = PBXFileReference; lastKnownFileType = folder.assetcatalog; path = "Preview Assets.xcassets"; sourceTree = "<group>"; };
		8DB486EA24D15BD0005300D6 /* Base */ = {isa = PBXFileReference; lastKnownFileType = file.storyboard; name = Base; path = Base.lproj/LaunchScreen.storyboard; sourceTree = "<group>"; };
		8DB486EC24D15BD0005300D6 /* Info.plist */ = {isa = PBXFileReference; lastKnownFileType = text.plist.xml; path = Info.plist; sourceTree = "<group>"; };
		8DB486F124D15BD0005300D6 /* dicoding-ios-fundamentalTests.xctest */ = {isa = PBXFileReference; explicitFileType = wrapper.cfbundle; includeInIndex = 0; path = "dicoding-ios-fundamentalTests.xctest"; sourceTree = BUILT_PRODUCTS_DIR; };
		8DB4870424D15CB6005300D6 /* GameItem.swift */ = {isa = PBXFileReference; lastKnownFileType = sourcecode.swift; path = GameItem.swift; sourceTree = "<group>"; };
		8DB4870724D15FE8005300D6 /* ImageLabel.swift */ = {isa = PBXFileReference; lastKnownFileType = sourcecode.swift; path = ImageLabel.swift; sourceTree = "<group>"; };
		8DD0842624DA997500266CD4 /* DetailPage.swift */ = {isa = PBXFileReference; lastKnownFileType = sourcecode.swift; path = DetailPage.swift; sourceTree = "<group>"; };
		8DFE6AB024DBF947006A805E /* Button.swift */ = {isa = PBXFileReference; lastKnownFileType = sourcecode.swift; path = Button.swift; sourceTree = "<group>"; };
		8DFE6AB524DCE8BB006A805E /* ImageLoader.swift */ = {isa = PBXFileReference; lastKnownFileType = sourcecode.swift; path = ImageLoader.swift; sourceTree = "<group>"; };
		8DFE6AB724DCE98B006A805E /* ImageView.swift */ = {isa = PBXFileReference; lastKnownFileType = sourcecode.swift; path = ImageView.swift; sourceTree = "<group>"; };
		8DFE6AB924DCF20D006A805E /* Genre.swift */ = {isa = PBXFileReference; lastKnownFileType = sourcecode.swift; path = Genre.swift; sourceTree = "<group>"; };
		8DFE6ABB24DD33D9006A805E /* DetailViewModel.swift */ = {isa = PBXFileReference; lastKnownFileType = sourcecode.swift; path = DetailViewModel.swift; sourceTree = "<group>"; };
/* End PBXFileReference section */

/* Begin PBXFrameworksBuildPhase section */
		8DB486D824D15BCF005300D6 /* Frameworks */ = {
			isa = PBXFrameworksBuildPhase;
			buildActionMask = 2147483647;
			files = (
			);
			runOnlyForDeploymentPostprocessing = 0;
		};
		8DB486EE24D15BD0005300D6 /* Frameworks */ = {
			isa = PBXFrameworksBuildPhase;
			buildActionMask = 2147483647;
			files = (
			);
			runOnlyForDeploymentPostprocessing = 0;
		};
/* End PBXFrameworksBuildPhase section */

/* Begin PBXGroup section */
		8D4619B524DDA51C00F0CF2D /* View */ = {
			isa = PBXGroup;
			children = (
				8D4619B824DDA53800F0CF2D /* AboutPage.swift */,
			);
			path = View;
			sourceTree = "<group>";
		};
		8D67769B24D2A1EC0073BA95 /* View */ = {
			isa = PBXGroup;
			children = (
				8D67769F24D2A2E80073BA95 /* HomePage.swift */,
			);
			path = View;
			sourceTree = "<group>";
		};
		8D67769C24D2A1EE0073BA95 /* ViewModel */ = {
			isa = PBXGroup;
			children = (
				8D67769D24D2A2090073BA95 /* HomeViewModel.swift */,
			);
			path = ViewModel;
			sourceTree = "<group>";
		};
		8D79C3CF24ED56820086C702 /* Favorite */ = {
			isa = PBXGroup;
			children = (
				8D79C3D324ED591F0086C702 /* ViewModel */,
				8D79C3D224ED591B0086C702 /* View */,
			);
			path = Favorite;
			sourceTree = "<group>";
		};
		8D79C3D224ED591B0086C702 /* View */ = {
			isa = PBXGroup;
			children = (
				8D79C3D424ED592A0086C702 /* FavoritePage.swift */,
			);
			path = View;
			sourceTree = "<group>";
		};
		8D79C3D324ED591F0086C702 /* ViewModel */ = {
			isa = PBXGroup;
			children = (
			);
			path = ViewModel;
			sourceTree = "<group>";
		};
		8D974EE924D16B3D0078EAEE /* Data */ = {
			isa = PBXGroup;
			children = (
				8D974EEF24D16D3A0078EAEE /* Service */,
				8D974EEA24D16B580078EAEE /* Entity */,
			);
			path = Data;
			sourceTree = "<group>";
		};
		8D974EEA24D16B580078EAEE /* Entity */ = {
			isa = PBXGroup;
			children = (
				8D974EEB24D16BF30078EAEE /* GameListDao.swift */,
				8D974EED24D16C210078EAEE /* Game.swift */,
				8DFE6AB924DCF20D006A805E /* Genre.swift */,
				8D4619B324DDA38700F0CF2D /* Clip.swift */,
			);
			path = Entity;
			sourceTree = "<group>";
		};
		8D974EEF24D16D3A0078EAEE /* Service */ = {
			isa = PBXGroup;
			children = (
				8D974EF024D16D480078EAEE /* GameService.swift */,
			);
			path = Service;
			sourceTree = "<group>";
		};
		8DB486D224D15BCF005300D6 = {
			isa = PBXGroup;
			children = (
				8DB486DD24D15BCF005300D6 /* dicoding-ios-fundamental */,
				8DB486DC24D15BCF005300D6 /* Products */,
			);
			sourceTree = "<group>";
		};
		8DB486DC24D15BCF005300D6 /* Products */ = {
			isa = PBXGroup;
			children = (
				8DB486DB24D15BCF005300D6 /* dicoding-ios-fundamental.app */,
				8DB486F124D15BD0005300D6 /* dicoding-ios-fundamentalTests.xctest */,
			);
			name = Products;
			sourceTree = "<group>";
		};
		8DB486DD24D15BCF005300D6 /* dicoding-ios-fundamental */ = {
			isa = PBXGroup;
			children = (
				8D974EE924D16B3D0078EAEE /* Data */,
				8DB4870924D163E5005300D6 /* External */,
				8DB4870324D15C5F005300D6 /* About */,
				8DB4870224D15C5A005300D6 /* Detail */,
				8DB4870124D15C53005300D6 /* Home */,
				8D79C3CF24ED56820086C702 /* Favorite */,
				8DB486DE24D15BCF005300D6 /* AppDelegate.swift */,
				8D79C3D024ED57430086C702 /* ContentView.swift */,
				8DB486E024D15BCF005300D6 /* SceneDelegate.swift */,
				8DB486E424D15BD0005300D6 /* Assets.xcassets */,
				8DB486E924D15BD0005300D6 /* LaunchScreen.storyboard */,
				8DB486EC24D15BD0005300D6 /* Info.plist */,
				8DB486E624D15BD0005300D6 /* Preview Content */,
			);
			path = "dicoding-ios-fundamental";
			sourceTree = "<group>";
		};
		8DB486E624D15BD0005300D6 /* Preview Content */ = {
			isa = PBXGroup;
			children = (
				8DB486E724D15BD0005300D6 /* Preview Assets.xcassets */,
			);
			path = "Preview Content";
			sourceTree = "<group>";
		};
		8DB4870124D15C53005300D6 /* Home */ = {
			isa = PBXGroup;
			children = (
				8D67769C24D2A1EE0073BA95 /* ViewModel */,
				8D67769B24D2A1EC0073BA95 /* View */,
			);
			path = Home;
			sourceTree = "<group>";
		};
		8DB4870224D15C5A005300D6 /* Detail */ = {
			isa = PBXGroup;
			children = (
				8DD0842324DA995D00266CD4 /* ViewModel */,
				8DD0842524DA996500266CD4 /* View */,
			);
			path = Detail;
			sourceTree = "<group>";
		};
		8DB4870324D15C5F005300D6 /* About */ = {
			isa = PBXGroup;
			children = (
				8D4619B524DDA51C00F0CF2D /* View */,
			);
			path = About;
			sourceTree = "<group>";
		};
		8DB4870624D15F67005300D6 /* Component */ = {
			isa = PBXGroup;
			children = (
				8DFE6AB424DCE743006A805E /* ImageLoader */,
				8DB4870724D15FE8005300D6 /* ImageLabel.swift */,
				8DA47D6824DAC0A10037C12D /* ActivityIndicator.swift */,
				8DFE6AB024DBF947006A805E /* Button.swift */,
				8DB4870424D15CB6005300D6 /* GameItem.swift */,
			);
			path = Component;
			sourceTree = "<group>";
		};
		8DB4870924D163E5005300D6 /* External */ = {
			isa = PBXGroup;
			children = (
				8DB4870A24D163EC005300D6 /* Extension */,
				8DB4870624D15F67005300D6 /* Component */,
			);
			path = External;
			sourceTree = "<group>";
		};
		8DB4870A24D163EC005300D6 /* Extension */ = {
			isa = PBXGroup;
			children = (
				8D974EE524D1662E0078EAEE /* ResourceExtension.swift */,
				8D67769924D2A0EE0073BA95 /* Helper.swift */,
				8D56EA6624D937E300284745 /* DataExtension.swift */,
			);
			path = Extension;
			sourceTree = "<group>";
		};
		8DD0842324DA995D00266CD4 /* ViewModel */ = {
			isa = PBXGroup;
			children = (
				8DFE6ABB24DD33D9006A805E /* DetailViewModel.swift */,
			);
			path = ViewModel;
			sourceTree = "<group>";
		};
		8DD0842524DA996500266CD4 /* View */ = {
			isa = PBXGroup;
			children = (
				8DD0842624DA997500266CD4 /* DetailPage.swift */,
			);
			path = View;
			sourceTree = "<group>";
		};
		8DFE6AB424DCE743006A805E /* ImageLoader */ = {
			isa = PBXGroup;
			children = (
				8DFE6AB524DCE8BB006A805E /* ImageLoader.swift */,
				8DFE6AB724DCE98B006A805E /* ImageView.swift */,
			);
			path = ImageLoader;
			sourceTree = "<group>";
		};
/* End PBXGroup section */

/* Begin PBXNativeTarget section */
		8DB486DA24D15BCF005300D6 /* dicoding-ios-fundamental */ = {
			isa = PBXNativeTarget;
			buildConfigurationList = 8DB486FA24D15BD0005300D6 /* Build configuration list for PBXNativeTarget "dicoding-ios-fundamental" */;
			buildPhases = (
				8DB486D724D15BCF005300D6 /* Sources */,
				8DB486D824D15BCF005300D6 /* Frameworks */,
				8DB486D924D15BCF005300D6 /* Resources */,
			);
			buildRules = (
			);
			dependencies = (
			);
			name = "dicoding-ios-fundamental";
			productName = "dicoding-ios-fundamental";
			productReference = 8DB486DB24D15BCF005300D6 /* dicoding-ios-fundamental.app */;
			productType = "com.apple.product-type.application";
		};
		8DB486F024D15BD0005300D6 /* dicoding-ios-fundamentalTests */ = {
			isa = PBXNativeTarget;
			buildConfigurationList = 8DB486FD24D15BD0005300D6 /* Build configuration list for PBXNativeTarget "dicoding-ios-fundamentalTests" */;
			buildPhases = (
				8DB486ED24D15BD0005300D6 /* Sources */,
				8DB486EE24D15BD0005300D6 /* Frameworks */,
				8DB486EF24D15BD0005300D6 /* Resources */,
			);
			buildRules = (
			);
			dependencies = (
				8DB486F324D15BD0005300D6 /* PBXTargetDependency */,
			);
			name = "dicoding-ios-fundamentalTests";
			productName = "dicoding-ios-fundamentalTests";
			productReference = 8DB486F124D15BD0005300D6 /* dicoding-ios-fundamentalTests.xctest */;
			productType = "com.apple.product-type.bundle.unit-test";
		};
/* End PBXNativeTarget section */

/* Begin PBXProject section */
		8DB486D324D15BCF005300D6 /* Project object */ = {
			isa = PBXProject;
			attributes = {
				LastSwiftUpdateCheck = 1160;
				LastUpgradeCheck = 1160;
				ORGANIZATIONNAME = dwirandyh;
				TargetAttributes = {
					8DB486DA24D15BCF005300D6 = {
						CreatedOnToolsVersion = 11.6;
					};
					8DB486F024D15BD0005300D6 = {
						CreatedOnToolsVersion = 11.6;
						TestTargetID = 8DB486DA24D15BCF005300D6;
					};
				};
			};
			buildConfigurationList = 8DB486D624D15BCF005300D6 /* Build configuration list for PBXProject "dicoding-ios-fundamental" */;
			compatibilityVersion = "Xcode 9.3";
			developmentRegion = en;
			hasScannedForEncodings = 0;
			knownRegions = (
				en,
				Base,
			);
			mainGroup = 8DB486D224D15BCF005300D6;
			productRefGroup = 8DB486DC24D15BCF005300D6 /* Products */;
			projectDirPath = "";
			projectRoot = "";
			targets = (
				8DB486DA24D15BCF005300D6 /* dicoding-ios-fundamental */,
				8DB486F024D15BD0005300D6 /* dicoding-ios-fundamentalTests */,
			);
		};
/* End PBXProject section */

/* Begin PBXResourcesBuildPhase section */
		8DB486D924D15BCF005300D6 /* Resources */ = {
			isa = PBXResourcesBuildPhase;
			buildActionMask = 2147483647;
			files = (
				8DB486EB24D15BD0005300D6 /* LaunchScreen.storyboard in Resources */,
				8DB486E824D15BD0005300D6 /* Preview Assets.xcassets in Resources */,
				8DB486E524D15BD0005300D6 /* Assets.xcassets in Resources */,
			);
			runOnlyForDeploymentPostprocessing = 0;
		};
		8DB486EF24D15BD0005300D6 /* Resources */ = {
			isa = PBXResourcesBuildPhase;
			buildActionMask = 2147483647;
			files = (
			);
			runOnlyForDeploymentPostprocessing = 0;
		};
/* End PBXResourcesBuildPhase section */

/* Begin PBXSourcesBuildPhase section */
		8DB486D724D15BCF005300D6 /* Sources */ = {
			isa = PBXSourcesBuildPhase;
			buildActionMask = 2147483647;
			files = (
				8DB486DF24D15BCF005300D6 /* AppDelegate.swift in Sources */,
				8D4619B424DDA38700F0CF2D /* Clip.swift in Sources */,
				8DA47D6924DAC0A10037C12D /* ActivityIndicator.swift in Sources */,
				8D79C3D524ED592A0086C702 /* FavoritePage.swift in Sources */,
				8D67769E24D2A2090073BA95 /* HomeViewModel.swift in Sources */,
				8DFE6ABC24DD33D9006A805E /* DetailViewModel.swift in Sources */,
				8DFE6AB124DBF947006A805E /* Button.swift in Sources */,
				8DB4870524D15CB6005300D6 /* GameItem.swift in Sources */,
				8D56EA6724D937E300284745 /* DataExtension.swift in Sources */,
				8DFE6AB824DCE98B006A805E /* ImageView.swift in Sources */,
				8DFE6ABA24DCF20D006A805E /* Genre.swift in Sources */,
				8D4619B924DDA53800F0CF2D /* AboutPage.swift in Sources */,
				8DB486E124D15BCF005300D6 /* SceneDelegate.swift in Sources */,
				8D79C3D124ED57430086C702 /* ContentView.swift in Sources */,
				8D974EF124D16D480078EAEE /* GameService.swift in Sources */,
				8D974EEC24D16BF30078EAEE /* GameListDao.swift in Sources */,
				8D6776A024D2A2E80073BA95 /* HomePage.swift in Sources */,
				8DFE6AB624DCE8BB006A805E /* ImageLoader.swift in Sources */,
				8DB4870824D15FE8005300D6 /* ImageLabel.swift in Sources */,
				8D67769A24D2A0EE0073BA95 /* Helper.swift in Sources */,
				8D974EE624D1662E0078EAEE /* ResourceExtension.swift in Sources */,
				8D974EEE24D16C210078EAEE /* Game.swift in Sources */,
				8DD0842724DA997500266CD4 /* DetailPage.swift in Sources */,
			);
			runOnlyForDeploymentPostprocessing = 0;
		};
		8DB486ED24D15BD0005300D6 /* Sources */ = {
			isa = PBXSourcesBuildPhase;
			buildActionMask = 2147483647;
			files = (
			);
			runOnlyForDeploymentPostprocessing = 0;
		};
/* End PBXSourcesBuildPhase section */

/* Begin PBXTargetDependency section */
		8DB486F324D15BD0005300D6 /* PBXTargetDependency */ = {
			isa = PBXTargetDependency;
			target = 8DB486DA24D15BCF005300D6 /* dicoding-ios-fundamental */;
			targetProxy = 8DB486F224D15BD0005300D6 /* PBXContainerItemProxy */;
		};
/* End PBXTargetDependency section */

/* Begin PBXVariantGroup section */
		8DB486E924D15BD0005300D6 /* LaunchScreen.storyboard */ = {
			isa = PBXVariantGroup;
			children = (
				8DB486EA24D15BD0005300D6 /* Base */,
			);
			name = LaunchScreen.storyboard;
			sourceTree = "<group>";
		};
/* End PBXVariantGroup section */

/* Begin XCBuildConfiguration section */
		8DB486F824D15BD0005300D6 /* Debug */ = {
			isa = XCBuildConfiguration;
			buildSettings = {
				ALWAYS_SEARCH_USER_PATHS = NO;
				CLANG_ANALYZER_NONNULL = YES;
				CLANG_ANALYZER_NUMBER_OBJECT_CONVERSION = YES_AGGRESSIVE;
				CLANG_CXX_LANGUAGE_STANDARD = "gnu++14";
				CLANG_CXX_LIBRARY = "libc++";
				CLANG_ENABLE_MODULES = YES;
				CLANG_ENABLE_OBJC_ARC = YES;
				CLANG_ENABLE_OBJC_WEAK = YES;
				CLANG_WARN_BLOCK_CAPTURE_AUTORELEASING = YES;
				CLANG_WARN_BOOL_CONVERSION = YES;
				CLANG_WARN_COMMA = YES;
				CLANG_WARN_CONSTANT_CONVERSION = YES;
				CLANG_WARN_DEPRECATED_OBJC_IMPLEMENTATIONS = YES;
				CLANG_WARN_DIRECT_OBJC_ISA_USAGE = YES_ERROR;
				CLANG_WARN_DOCUMENTATION_COMMENTS = YES;
				CLANG_WARN_EMPTY_BODY = YES;
				CLANG_WARN_ENUM_CONVERSION = YES;
				CLANG_WARN_INFINITE_RECURSION = YES;
				CLANG_WARN_INT_CONVERSION = YES;
				CLANG_WARN_NON_LITERAL_NULL_CONVERSION = YES;
				CLANG_WARN_OBJC_IMPLICIT_RETAIN_SELF = YES;
				CLANG_WARN_OBJC_LITERAL_CONVERSION = YES;
				CLANG_WARN_OBJC_ROOT_CLASS = YES_ERROR;
				CLANG_WARN_RANGE_LOOP_ANALYSIS = YES;
				CLANG_WARN_STRICT_PROTOTYPES = YES;
				CLANG_WARN_SUSPICIOUS_MOVE = YES;
				CLANG_WARN_UNGUARDED_AVAILABILITY = YES_AGGRESSIVE;
				CLANG_WARN_UNREACHABLE_CODE = YES;
				CLANG_WARN__DUPLICATE_METHOD_MATCH = YES;
				COPY_PHASE_STRIP = NO;
				DEBUG_INFORMATION_FORMAT = dwarf;
				ENABLE_STRICT_OBJC_MSGSEND = YES;
				ENABLE_TESTABILITY = YES;
				GCC_C_LANGUAGE_STANDARD = gnu11;
				GCC_DYNAMIC_NO_PIC = NO;
				GCC_NO_COMMON_BLOCKS = YES;
				GCC_OPTIMIZATION_LEVEL = 0;
				GCC_PREPROCESSOR_DEFINITIONS = (
					"DEBUG=1",
					"$(inherited)",
				);
				GCC_WARN_64_TO_32_BIT_CONVERSION = YES;
				GCC_WARN_ABOUT_RETURN_TYPE = YES_ERROR;
				GCC_WARN_UNDECLARED_SELECTOR = YES;
				GCC_WARN_UNINITIALIZED_AUTOS = YES_AGGRESSIVE;
				GCC_WARN_UNUSED_FUNCTION = YES;
				GCC_WARN_UNUSED_VARIABLE = YES;
				IPHONEOS_DEPLOYMENT_TARGET = 13.6;
				MTL_ENABLE_DEBUG_INFO = INCLUDE_SOURCE;
				MTL_FAST_MATH = YES;
				ONLY_ACTIVE_ARCH = YES;
				SDKROOT = iphoneos;
				SWIFT_ACTIVE_COMPILATION_CONDITIONS = DEBUG;
				SWIFT_OPTIMIZATION_LEVEL = "-Onone";
			};
			name = Debug;
		};
		8DB486F924D15BD0005300D6 /* Release */ = {
			isa = XCBuildConfiguration;
			buildSettings = {
				ALWAYS_SEARCH_USER_PATHS = NO;
				CLANG_ANALYZER_NONNULL = YES;
				CLANG_ANALYZER_NUMBER_OBJECT_CONVERSION = YES_AGGRESSIVE;
				CLANG_CXX_LANGUAGE_STANDARD = "gnu++14";
				CLANG_CXX_LIBRARY = "libc++";
				CLANG_ENABLE_MODULES = YES;
				CLANG_ENABLE_OBJC_ARC = YES;
				CLANG_ENABLE_OBJC_WEAK = YES;
				CLANG_WARN_BLOCK_CAPTURE_AUTORELEASING = YES;
				CLANG_WARN_BOOL_CONVERSION = YES;
				CLANG_WARN_COMMA = YES;
				CLANG_WARN_CONSTANT_CONVERSION = YES;
				CLANG_WARN_DEPRECATED_OBJC_IMPLEMENTATIONS = YES;
				CLANG_WARN_DIRECT_OBJC_ISA_USAGE = YES_ERROR;
				CLANG_WARN_DOCUMENTATION_COMMENTS = YES;
				CLANG_WARN_EMPTY_BODY = YES;
				CLANG_WARN_ENUM_CONVERSION = YES;
				CLANG_WARN_INFINITE_RECURSION = YES;
				CLANG_WARN_INT_CONVERSION = YES;
				CLANG_WARN_NON_LITERAL_NULL_CONVERSION = YES;
				CLANG_WARN_OBJC_IMPLICIT_RETAIN_SELF = YES;
				CLANG_WARN_OBJC_LITERAL_CONVERSION = YES;
				CLANG_WARN_OBJC_ROOT_CLASS = YES_ERROR;
				CLANG_WARN_RANGE_LOOP_ANALYSIS = YES;
				CLANG_WARN_STRICT_PROTOTYPES = YES;
				CLANG_WARN_SUSPICIOUS_MOVE = YES;
				CLANG_WARN_UNGUARDED_AVAILABILITY = YES_AGGRESSIVE;
				CLANG_WARN_UNREACHABLE_CODE = YES;
				CLANG_WARN__DUPLICATE_METHOD_MATCH = YES;
				COPY_PHASE_STRIP = NO;
				DEBUG_INFORMATION_FORMAT = "dwarf-with-dsym";
				ENABLE_NS_ASSERTIONS = NO;
				ENABLE_STRICT_OBJC_MSGSEND = YES;
				GCC_C_LANGUAGE_STANDARD = gnu11;
				GCC_NO_COMMON_BLOCKS = YES;
				GCC_WARN_64_TO_32_BIT_CONVERSION = YES;
				GCC_WARN_ABOUT_RETURN_TYPE = YES_ERROR;
				GCC_WARN_UNDECLARED_SELECTOR = YES;
				GCC_WARN_UNINITIALIZED_AUTOS = YES_AGGRESSIVE;
				GCC_WARN_UNUSED_FUNCTION = YES;
				GCC_WARN_UNUSED_VARIABLE = YES;
				IPHONEOS_DEPLOYMENT_TARGET = 13.6;
				MTL_ENABLE_DEBUG_INFO = NO;
				MTL_FAST_MATH = YES;
				SDKROOT = iphoneos;
				SWIFT_COMPILATION_MODE = wholemodule;
				SWIFT_OPTIMIZATION_LEVEL = "-O";
				VALIDATE_PRODUCT = YES;
			};
			name = Release;
		};
		8DB486FB24D15BD0005300D6 /* Debug */ = {
			isa = XCBuildConfiguration;
			buildSettings = {
				ASSETCATALOG_COMPILER_APPICON_NAME = AppIcon;
				CODE_SIGN_STYLE = Automatic;
				DEVELOPMENT_ASSET_PATHS = "\"dicoding-ios-fundamental/Preview Content\"";
				DEVELOPMENT_TEAM = 5B2L4KSFG2;
				ENABLE_PREVIEWS = YES;
				INFOPLIST_FILE = "dicoding-ios-fundamental/Info.plist";
				LD_RUNPATH_SEARCH_PATHS = (
					"$(inherited)",
					"@executable_path/Frameworks",
				);
				PRODUCT_BUNDLE_IDENTIFIER = "dwirandh.com.dicoding-ios-fundamental";
				PRODUCT_NAME = "$(TARGET_NAME)";
				SWIFT_VERSION = 5.0;
				TARGETED_DEVICE_FAMILY = "1,2";
			};
			name = Debug;
		};
		8DB486FC24D15BD0005300D6 /* Release */ = {
			isa = XCBuildConfiguration;
			buildSettings = {
				ASSETCATALOG_COMPILER_APPICON_NAME = AppIcon;
				CODE_SIGN_STYLE = Automatic;
				DEVELOPMENT_ASSET_PATHS = "\"dicoding-ios-fundamental/Preview Content\"";
				DEVELOPMENT_TEAM = 5B2L4KSFG2;
				ENABLE_PREVIEWS = YES;
				INFOPLIST_FILE = "dicoding-ios-fundamental/Info.plist";
				LD_RUNPATH_SEARCH_PATHS = (
					"$(inherited)",
					"@executable_path/Frameworks",
				);
				PRODUCT_BUNDLE_IDENTIFIER = "dwirandh.com.dicoding-ios-fundamental";
				PRODUCT_NAME = "$(TARGET_NAME)";
				SWIFT_VERSION = 5.0;
				TARGETED_DEVICE_FAMILY = "1,2";
			};
			name = Release;
		};
		8DB486FE24D15BD0005300D6 /* Debug */ = {
			isa = XCBuildConfiguration;
			buildSettings = {
				ALWAYS_EMBED_SWIFT_STANDARD_LIBRARIES = YES;
				BUNDLE_LOADER = "$(TEST_HOST)";
				CODE_SIGN_STYLE = Automatic;
				DEVELOPMENT_TEAM = 5B2L4KSFG2;
				INFOPLIST_FILE = "dicoding-ios-fundamentalTests/Info.plist";
				IPHONEOS_DEPLOYMENT_TARGET = 13.6;
				LD_RUNPATH_SEARCH_PATHS = (
					"$(inherited)",
					"@executable_path/Frameworks",
					"@loader_path/Frameworks",
				);
				PRODUCT_BUNDLE_IDENTIFIER = "dwirandh.com.dicoding-ios-fundamentalTests";
				PRODUCT_NAME = "$(TARGET_NAME)";
				SWIFT_VERSION = 5.0;
				TARGETED_DEVICE_FAMILY = "1,2";
				TEST_HOST = "$(BUILT_PRODUCTS_DIR)/dicoding-ios-fundamental.app/dicoding-ios-fundamental";
			};
			name = Debug;
		};
		8DB486FF24D15BD0005300D6 /* Release */ = {
			isa = XCBuildConfiguration;
			buildSettings = {
				ALWAYS_EMBED_SWIFT_STANDARD_LIBRARIES = YES;
				BUNDLE_LOADER = "$(TEST_HOST)";
				CODE_SIGN_STYLE = Automatic;
				DEVELOPMENT_TEAM = 5B2L4KSFG2;
				INFOPLIST_FILE = "dicoding-ios-fundamentalTests/Info.plist";
				IPHONEOS_DEPLOYMENT_TARGET = 13.6;
				LD_RUNPATH_SEARCH_PATHS = (
					"$(inherited)",
					"@executable_path/Frameworks",
					"@loader_path/Frameworks",
				);
				PRODUCT_BUNDLE_IDENTIFIER = "dwirandh.com.dicoding-ios-fundamentalTests";
				PRODUCT_NAME = "$(TARGET_NAME)";
				SWIFT_VERSION = 5.0;
				TARGETED_DEVICE_FAMILY = "1,2";
				TEST_HOST = "$(BUILT_PRODUCTS_DIR)/dicoding-ios-fundamental.app/dicoding-ios-fundamental";
			};
			name = Release;
		};
/* End XCBuildConfiguration section */

/* Begin XCConfigurationList section */
		8DB486D624D15BCF005300D6 /* Build configuration list for PBXProject "dicoding-ios-fundamental" */ = {
			isa = XCConfigurationList;
			buildConfigurations = (
				8DB486F824D15BD0005300D6 /* Debug */,
				8DB486F924D15BD0005300D6 /* Release */,
			);
			defaultConfigurationIsVisible = 0;
			defaultConfigurationName = Release;
		};
		8DB486FA24D15BD0005300D6 /* Build configuration list for PBXNativeTarget "dicoding-ios-fundamental" */ = {
			isa = XCConfigurationList;
			buildConfigurations = (
				8DB486FB24D15BD0005300D6 /* Debug */,
				8DB486FC24D15BD0005300D6 /* Release */,
			);
			defaultConfigurationIsVisible = 0;
			defaultConfigurationName = Release;
		};
		8DB486FD24D15BD0005300D6 /* Build configuration list for PBXNativeTarget "dicoding-ios-fundamentalTests" */ = {
			isa = XCConfigurationList;
			buildConfigurations = (
				8DB486FE24D15BD0005300D6 /* Debug */,
				8DB486FF24D15BD0005300D6 /* Release */,
			);
			defaultConfigurationIsVisible = 0;
			defaultConfigurationName = Release;
		};
/* End XCConfigurationList section */
	};
	rootObject = 8DB486D324D15BCF005300D6 /* Project object */;
}
